// !$*UTF8*$!
{
	archiveVersion = 1;
	classes = {
	};
	objectVersion = 46;
	objects = {

/* Begin PBXBuildFile section */
		2C2FB6A41D95B374006CA280 /* AppDelegate.swift in Sources */ = {isa = PBXBuildFile; fileRef = 2C2FB6A31D95B374006CA280 /* AppDelegate.swift */; };
		2C2FB6A71D95B374006CA280 /* TareaNube3.xcdatamodeld in Sources */ = {isa = PBXBuildFile; fileRef = 2C2FB6A51D95B374006CA280 /* TareaNube3.xcdatamodeld */; };
		2C2FB6A91D95B374006CA280 /* MasterViewController.swift in Sources */ = {isa = PBXBuildFile; fileRef = 2C2FB6A81D95B374006CA280 /* MasterViewController.swift */; };
		2C2FB6AB1D95B374006CA280 /* DetailViewController.swift in Sources */ = {isa = PBXBuildFile; fileRef = 2C2FB6AA1D95B374006CA280 /* DetailViewController.swift */; };
		2C2FB6AE1D95B374006CA280 /* Main.storyboard in Resources */ = {isa = PBXBuildFile; fileRef = 2C2FB6AC1D95B374006CA280 /* Main.storyboard */; };
		2C2FB6B01D95B374006CA280 /* Assets.xcassets in Resources */ = {isa = PBXBuildFile; fileRef = 2C2FB6AF1D95B374006CA280 /* Assets.xcassets */; };
		2C2FB6B31D95B374006CA280 /* LaunchScreen.storyboard in Resources */ = {isa = PBXBuildFile; fileRef = 2C2FB6B11D95B374006CA280 /* LaunchScreen.storyboard */; };
		2C2FB6BB1D95F645006CA280 /* BuscarVC.swift in Sources */ = {isa = PBXBuildFile; fileRef = 2C2FB6BA1D95F645006CA280 /* BuscarVC.swift */; };
/* End PBXBuildFile section */

/* Begin PBXFileReference section */
		2C2FB6A01D95B374006CA280 /* TareaNube3.app */ = {isa = PBXFileReference; explicitFileType = wrapper.application; includeInIndex = 0; path = TareaNube3.app; sourceTree = BUILT_PRODUCTS_DIR; };
		2C2FB6A31D95B374006CA280 /* AppDelegate.swift */ = {isa = PBXFileReference; lastKnownFileType = sourcecode.swift; path = AppDelegate.swift; sourceTree = "<group>"; };
		2C2FB6A61D95B374006CA280 /* TareaNube3.xcdatamodel */ = {isa = PBXFileReference; lastKnownFileType = wrapper.xcdatamodel; path = TareaNube3.xcdatamodel; sourceTree = "<group>"; };
		2C2FB6A81D95B374006CA280 /* MasterViewController.swift */ = {isa = PBXFileReference; lastKnownFileType = sourcecode.swift; path = MasterViewController.swift; sourceTree = "<group>"; };
		2C2FB6AA1D95B374006CA280 /* DetailViewController.swift */ = {isa = PBXFileReference; lastKnownFileType = sourcecode.swift; path = DetailViewController.swift; sourceTree = "<group>"; };
		2C2FB6AD1D95B374006CA280 /* Base */ = {isa = PBXFileReference; lastKnownFileType = file.storyboard; name = Base; path = Base.lproj/Main.storyboard; sourceTree = "<group>"; };
		2C2FB6AF1D95B374006CA280 /* Assets.xcassets */ = {isa = PBXFileReference; lastKnownFileType = folder.assetcatalog; path = Assets.xcassets; sourceTree = "<group>"; };
		2C2FB6B21D95B374006CA280 /* Base */ = {isa = PBXFileReference; lastKnownFileType = file.storyboard; name = Base; path = Base.lproj/LaunchScreen.storyboard; sourceTree = "<group>"; };
		2C2FB6B41D95B374006CA280 /* Info.plist */ = {isa = PBXFileReference; lastKnownFileType = text.plist.xml; path = Info.plist; sourceTree = "<group>"; };
		2C2FB6BA1D95F645006CA280 /* BuscarVC.swift */ = {isa = PBXFileReference; fileEncoding = 4; lastKnownFileType = sourcecode.swift; path = BuscarVC.swift; sourceTree = "<group>"; };
/* End PBXFileReference section */

/* Begin PBXFrameworksBuildPhase section */
		2C2FB69D1D95B374006CA280 /* Frameworks */ = {
			isa = PBXFrameworksBuildPhase;
			buildActionMask = 2147483647;
			files = (
			);
			runOnlyForDeploymentPostprocessing = 0;
		};
/* End PBXFrameworksBuildPhase section */

/* Begin PBXGroup section */
		2C2FB6971D95B374006CA280 = {
			isa = PBXGroup;
			children = (
				2C2FB6A21D95B374006CA280 /* TareaNube3 */,
				2C2FB6A11D95B374006CA280 /* Products */,
			);
			sourceTree = "<group>";
		};
		2C2FB6A11D95B374006CA280 /* Products */ = {
			isa = PBXGroup;
			children = (
				2C2FB6A01D95B374006CA280 /* TareaNube3.app */,
			);
			name = Products;
			sourceTree = "<group>";
		};
		2C2FB6A21D95B374006CA280 /* TareaNube3 */ = {
			isa = PBXGroup;
			children = (
				2C2FB6A31D95B374006CA280 /* AppDelegate.swift */,
				2C2FB6A81D95B374006CA280 /* MasterViewController.swift */,
				2C2FB6AA1D95B374006CA280 /* DetailViewController.swift */,
				2C2FB6AC1D95B374006CA280 /* Main.storyboard */,
				2C2FB6BA1D95F645006CA280 /* BuscarVC.swift */,
				2C2FB6AF1D95B374006CA280 /* Assets.xcassets */,
				2C2FB6B11D95B374006CA280 /* LaunchScreen.storyboard */,
				2C2FB6B41D95B374006CA280 /* Info.plist */,
				2C2FB6A51D95B374006CA280 /* TareaNube3.xcdatamodeld */,
			);
			path = TareaNube3;
			sourceTree = "<group>";
		};
/* End PBXGroup section */

/* Begin PBXNativeTarget section */
		2C2FB69F1D95B374006CA280 /* TareaNube3 */ = {
			isa = PBXNativeTarget;
			buildConfigurationList = 2C2FB6B71D95B374006CA280 /* Build configuration list for PBXNativeTarget "TareaNube3" */;
			buildPhases = (
				2C2FB69C1D95B374006CA280 /* Sources */,
				2C2FB69D1D95B374006CA280 /* Frameworks */,
				2C2FB69E1D95B374006CA280 /* Resources */,
			);
			buildRules = (
			);
			dependencies = (
			);
			name = TareaNube3;
			productName = TareaNube3;
			productReference = 2C2FB6A01D95B374006CA280 /* TareaNube3.app */;
			productType = "com.apple.product-type.application";
		};
/* End PBXNativeTarget section */

/* Begin PBXProject section */
		2C2FB6981D95B374006CA280 /* Project object */ = {
			isa = PBXProject;
			attributes = {
				LastSwiftUpdateCheck = 0800;
				LastUpgradeCheck = 0800;
				ORGANIZATIONNAME = oscarzarco;
				TargetAttributes = {
					2C2FB69F1D95B374006CA280 = {
						CreatedOnToolsVersion = 8.0;
						DevelopmentTeam = X285TGPKHC;
						ProvisioningStyle = Automatic;
					};
				};
			};
			buildConfigurationList = 2C2FB69B1D95B374006CA280 /* Build configuration list for PBXProject "TareaNube3" */;
			compatibilityVersion = "Xcode 3.2";
			developmentRegion = English;
			hasScannedForEncodings = 0;
			knownRegions = (
				en,
				Base,
			);
			mainGroup = 2C2FB6971D95B374006CA280;
			productRefGroup = 2C2FB6A11D95B374006CA280 /* Products */;
			projectDirPath = "";
			projectRoot = "";
			targets = (
				2C2FB69F1D95B374006CA280 /* TareaNube3 */,
			);
		};
/* End PBXProject section */

/* Begin PBXResourcesBuildPhase section */
		2C2FB69E1D95B374006CA280 /* Resources */ = {
			isa = PBXResourcesBuildPhase;
			buildActionMask = 2147483647;
			files = (
				2C2FB6B31D95B374006CA280 /* LaunchScreen.storyboard in Resources */,
				2C2FB6B01D95B374006CA280 /* Assets.xcassets in Resources */,
				2C2FB6AE1D95B374006CA280 /* Main.storyboard in Resources */,
			);
			runOnlyForDeploymentPostprocessing = 0;
		};
/* End PBXResourcesBuildPhase section */

/* Begin PBXSourcesBuildPhase section */
		2C2FB69C1D95B374006CA280 /* Sources */ = {
			isa = PBXSourcesBuildPhase;
			buildActionMask = 2147483647;
			files = (
				2C2FB6A41D95B374006CA280 /* AppDelegate.swift in Sources */,
				2C2FB6BB1D95F645006CA280 /* BuscarVC.swift in Sources */,
				2C2FB6A71D95B374006CA280 /* TareaNube3.xcdatamodeld in Sources */,
				2C2FB6A91D95B374006CA280 /* MasterViewController.swift in Sources */,
				2C2FB6AB1D95B374006CA280 /* DetailViewController.swift in Sources */,
			);
			runOnlyForDeploymentPostprocessing = 0;
		};
/* End PBXSourcesBuildPhase section */

/* Begin PBXVariantGroup section */
		2C2FB6AC1D95B374006CA280 /* Main.storyboard */ = {
			isa = PBXVariantGroup;
			children = (
				2C2FB6AD1D95B374006CA280 /* Base */,
			);
			name = Main.storyboard;
			sourceTree = "<group>";
		};
		2C2FB6B11D95B374006CA280 /* LaunchScreen.storyboard */ = {
			isa = PBXVariantGroup;
			children = (
				2C2FB6B21D95B374006CA280 /* Base */,
			);
			name = LaunchScreen.storyboard;
			sourceTree = "<group>";
		};
/* End PBXVariantGroup section */

/* Begin XCBuildConfiguration section */
		2C2FB6B51D95B374006CA280 /* Debug */ = {
			isa = XCBuildConfiguration;
			buildSettings = {
				ALWAYS_SEARCH_USER_PATHS = NO;
				CLANG_ANALYZER_NONNULL = YES;
				CLANG_CXX_LANGUAGE_STANDARD = "gnu++0x";
				CLANG_CXX_LIBRARY = "libc++";
				CLANG_ENABLE_MODULES = YES;
				CLANG_ENABLE_OBJC_ARC = YES;
				CLANG_WARN_BOOL_CONVERSION = YES;
				CLANG_WARN_CONSTANT_CONVERSION = YES;
				CLANG_WARN_DIRECT_OBJC_ISA_USAGE = YES_ERROR;
				CLANG_WARN_DOCUMENTATION_COMMENTS = YES;
				CLANG_WARN_EMPTY_BODY = YES;
				CLANG_WARN_ENUM_CONVERSION = YES;
				CLANG_WARN_INFINITE_RECURSION = YES;
				CLANG_WARN_INT_CONVERSION = YES;
				CLANG_WARN_OBJC_ROOT_CLASS = YES_ERROR;
				CLANG_WARN_SUSPICIOUS_MOVES = YES;
				CLANG_WARN_UNREACHABLE_CODE = YES;
				CLANG_WARN__DUPLICATE_METHOD_MATCH = YES;
				"CODE_SIGN_IDENTITY[sdk=iphoneos*]" = "iPhone Developer";
				COPY_PHASE_STRIP = NO;
				DEBUG_INFORMATION_FORMAT = dwarf;
				ENABLE_STRICT_OBJC_MSGSEND = YES;
				ENABLE_TESTABILITY = YES;
				GCC_C_LANGUAGE_STANDARD = gnu99;
				GCC_DYNAMIC_NO_PIC = NO;
				GCC_NO_COMMON_BLOCKS = YES;
				GCC_OPTIMIZATION_LEVEL = 0;
				GCC_PREPROCESSOR_DEFINITIONS = (
					"DEBUG=1",
					"$(inherited)",
				);
				GCC_WARN_64_TO_32_BIT_CONVERSION = YES;
				GCC_WARN_ABOUT_RETURN_TYPE = YES_ERROR;
				GCC_WARN_UNDECLARED_SELECTOR = YES;
				GCC_WARN_UNINITIALIZED_AUTOS = YES_AGGRESSIVE;
				GCC_WARN_UNUSED_FUNCTION = YES;
				GCC_WARN_UNUSED_VARIABLE = YES;
				IPHONEOS_DEPLOYMENT_TARGET = 10.0;
				MTL_ENABLE_DEBUG_INFO = YES;
				ONLY_ACTIVE_ARCH = YES;
				SDKROOT = iphoneos;
				SWIFT_ACTIVE_COMPILATION_CONDITIONS = DEBUG;
				SWIFT_OPTIMIZATION_LEVEL = "-Onone";
			};
			name = Debug;
		};
		2C2FB6B61D95B374006CA280 /* Release */ = {
			isa = XCBuildConfiguration;
			buildSettings = {
				ALWAYS_SEARCH_USER_PATHS = NO;
				CLANG_ANALYZER_NONNULL = YES;
				CLANG_CXX_LANGUAGE_STANDARD = "gnu++0x";
				CLANG_CXX_LIBRARY = "libc++";
				CLANG_ENABLE_MODULES = YES;
				CLANG_ENABLE_OBJC_ARC = YES;
				CLANG_WARN_BOOL_CONVERSION = YES;
				CLANG_WARN_CONSTANT_CONVERSION = YES;
				CLANG_WARN_DIRECT_OBJC_ISA_USAGE = YES_ERROR;
				CLANG_WARN_DOCUMENTATION_COMMENTS = YES;
				CLANG_WARN_EMPTY_BODY = YES;
				CLANG_WARN_ENUM_CONVERSION = YES;
				CLANG_WARN_INFINITE_RECURSION = YES;
				CLANG_WARN_INT_CONVERSION = YES;
				CLANG_WARN_OBJC_ROOT_CLASS = YES_ERROR;
				CLANG_WARN_SUSPICIOUS_MOVES = YES;
				CLANG_WARN_UNREACHABLE_CODE = YES;
				CLANG_WARN__DUPLICATE_METHOD_MATCH = YES;
				"CODE_SIGN_IDENTITY[sdk=iphoneos*]" = "iPhone Developer";
				COPY_PHASE_STRIP = NO;
				DEBUG_INFORMATION_FORMAT = "dwarf-with-dsym";
				ENABLE_NS_ASSERTIONS = NO;
				ENABLE_STRICT_OBJC_MSGSEND = YES;
				GCC_C_LANGUAGE_STANDARD = gnu99;
				GCC_NO_COMMON_BLOCKS = YES;
				GCC_WARN_64_TO_32_BIT_CONVERSION = YES;
				GCC_WARN_ABOUT_RETURN_TYPE = YES_ERROR;
				GCC_WARN_UNDECLARED_SELECTOR = YES;
				GCC_WARN_UNINITIALIZED_AUTOS = YES_AGGRESSIVE;
				GCC_WARN_UNUSED_FUNCTION = YES;
				GCC_WARN_UNUSED_VARIABLE = YES;
				IPHONEOS_DEPLOYMENT_TARGET = 10.0;
				MTL_ENABLE_DEBUG_INFO = NO;
				SDKROOT = iphoneos;
				SWIFT_OPTIMIZATION_LEVEL = "-Owholemodule";
				VALIDATE_PRODUCT = YES;
			};
			name = Release;
		};
		2C2FB6B81D95B374006CA280 /* Debug */ = {
			isa = XCBuildConfiguration;
			buildSettings = {
				ASSETCATALOG_COMPILER_APPICON_NAME = AppIcon;
				DEVELOPMENT_TEAM = X285TGPKHC;
				INFOPLIST_FILE = TareaNube3/Info.plist;
				IPHONEOS_DEPLOYMENT_TARGET = 10.0;
				LD_RUNPATH_SEARCH_PATHS = "$(inherited) @executable_path/Frameworks";
				PRODUCT_BUNDLE_IDENTIFIER = com.zarcodev.TareaNube3;
				PRODUCT_NAME = "$(TARGET_NAME)";
				SWIFT_VERSION = 3.0;
			};
			name = Debug;
		};
		2C2FB6B91D95B374006CA280 /* Release */ = {
			isa = XCBuildConfiguration;
			buildSettings = {
				ASSETCATALOG_COMPILER_APPICON_NAME = AppIcon;
				DEVELOPMENT_TEAM = X285TGPKHC;
				INFOPLIST_FILE = TareaNube3/Info.plist;
				IPHONEOS_DEPLOYMENT_TARGET = 10.0;
				LD_RUNPATH_SEARCH_PATHS = "$(inherited) @executable_path/Frameworks";
				PRODUCT_BUNDLE_IDENTIFIER = com.zarcodev.TareaNube3;
				PRODUCT_NAME = "$(TARGET_NAME)";
				SWIFT_VERSION = 3.0;
			};
			name = Release;
		};
/* End XCBuildConfiguration section */

/* Begin XCConfigurationList section */
		2C2FB69B1D95B374006CA280 /* Build configuration list for PBXProject "TareaNube3" */ = {
			isa = XCConfigurationList;
			buildConfigurations = (
				2C2FB6B51D95B374006CA280 /* Debug */,
				2C2FB6B61D95B374006CA280 /* Release */,
			);
			defaultConfigurationIsVisible = 0;
			defaultConfigurationName = Release;
		};
		2C2FB6B71D95B374006CA280 /* Build configuration list for PBXNativeTarget "TareaNube3" */ = {
			isa = XCConfigurationList;
			buildConfigurations = (
				2C2FB6B81D95B374006CA280 /* Debug */,
				2C2FB6B91D95B374006CA280 /* Release */,
			);
			defaultConfigurationIsVisible = 0;
		};
/* End XCConfigurationList section */

/* Begin XCVersionGroup section */
		2C2FB6A51D95B374006CA280 /* TareaNube3.xcdatamodeld */ = {
			isa = XCVersionGroup;
			children = (
				2C2FB6A61D95B374006CA280 /* TareaNube3.xcdatamodel */,
			);
			currentVersion = 2C2FB6A61D95B374006CA280 /* TareaNube3.xcdatamodel */;
			path = TareaNube3.xcdatamodeld;
			sourceTree = "<group>";
			versionGroupType = wrapper.xcdatamodel;
		};
/* End XCVersionGroup section */
	};
	rootObject = 2C2FB6981D95B374006CA280 /* Project object */;
}
